// !$*UTF8*$!
{
	archiveVersion = 1;
	classes = {
	};
	objectVersion = 50;
	objects = {

/* Begin PBXBuildFile section */
		2A67C0A326091E3C00DF3057 /* WeekDays.swift in Sources */ = {isa = PBXBuildFile; fileRef = 2A67C0A226091E3C00DF3057 /* WeekDays.swift */; };
		2AC0A88925BDE60B002A3C15 /* ListModelSection.swift in Sources */ = {isa = PBXBuildFile; fileRef = 2AC0A88825BDE60B002A3C15 /* ListModelSection.swift */; };
		2AC0A88E25BDE84A002A3C15 /* ToDoListModel.swift in Sources */ = {isa = PBXBuildFile; fileRef = 2AC0A88D25BDE84A002A3C15 /* ToDoListModel.swift */; };
		920CDD5925A5D9E400A97DFF /* DataModel.xcdatamodeld in Sources */ = {isa = PBXBuildFile; fileRef = 920CDD5725A5D9E400A97DFF /* DataModel.xcdatamodeld */; };
		92588B2425CAD74C00AA6239 /* AddItemVC.swift in Sources */ = {isa = PBXBuildFile; fileRef = 92588B2225CAD74C00AA6239 /* AddItemVC.swift */; };
		9258FF84260E3B8A0075BA51 /* ToDoListUITests.swift in Sources */ = {isa = PBXBuildFile; fileRef = 9258FF83260E3B8A0075BA51 /* ToDoListUITests.swift */; };
		9258FF94260E4DE60075BA51 /* ToDoListTests.swift in Sources */ = {isa = PBXBuildFile; fileRef = 9258FF93260E4DE60075BA51 /* ToDoListTests.swift */; };
		926726D625AF57FB0014A423 /* ToDoListViewController.swift in Sources */ = {isa = PBXBuildFile; fileRef = 926726D525AF57FB0014A423 /* ToDoListViewController.swift */; };
		926748F325B58B7400AE1624 /* CollectionViewCell.swift in Sources */ = {isa = PBXBuildFile; fileRef = 926748F125B58B7400AE1624 /* CollectionViewCell.swift */; };
		9274F45525D2CD5E000CF3ED /* CustomHeaderView.swift in Sources */ = {isa = PBXBuildFile; fileRef = 9274F45325D2CD5E000CF3ED /* CustomHeaderView.swift */; };
		92982C4025A31A1000C9DDAD /* AppDelegate.swift in Sources */ = {isa = PBXBuildFile; fileRef = 92982C3F25A31A1000C9DDAD /* AppDelegate.swift */; };
		92982C4225A31A1000C9DDAD /* SceneDelegate.swift in Sources */ = {isa = PBXBuildFile; fileRef = 92982C4125A31A1000C9DDAD /* SceneDelegate.swift */; };
		92982C4925A31A1200C9DDAD /* Assets.xcassets in Resources */ = {isa = PBXBuildFile; fileRef = 92982C4825A31A1200C9DDAD /* Assets.xcassets */; };
		92982C4C25A31A1200C9DDAD /* LaunchScreen.storyboard in Resources */ = {isa = PBXBuildFile; fileRef = 92982C4A25A31A1200C9DDAD /* LaunchScreen.storyboard */; };
		92B4ED8025AC84A2004BB257 /* ToDoListModelImpl.swift in Sources */ = {isa = PBXBuildFile; fileRef = 92B4ED7F25AC84A2004BB257 /* ToDoListModelImpl.swift */; };
/* End PBXBuildFile section */

/* Begin PBXContainerItemProxy section */
		9258FF86260E3B8A0075BA51 /* PBXContainerItemProxy */ = {
			isa = PBXContainerItemProxy;
			containerPortal = 92982C3425A31A1000C9DDAD /* Project object */;
			proxyType = 1;
			remoteGlobalIDString = 92982C3B25A31A1000C9DDAD;
			remoteInfo = ToDoList;
		};
		9258FF96260E4DE60075BA51 /* PBXContainerItemProxy */ = {
			isa = PBXContainerItemProxy;
			containerPortal = 92982C3425A31A1000C9DDAD /* Project object */;
			proxyType = 1;
			remoteGlobalIDString = 92982C3B25A31A1000C9DDAD;
			remoteInfo = ToDoList;
		};
/* End PBXContainerItemProxy section */

/* Begin PBXFileReference section */
		2A67C0A226091E3C00DF3057 /* WeekDays.swift */ = {isa = PBXFileReference; lastKnownFileType = sourcecode.swift; path = WeekDays.swift; sourceTree = "<group>"; };
		2AC0A88825BDE60B002A3C15 /* ListModelSection.swift */ = {isa = PBXFileReference; lastKnownFileType = sourcecode.swift; path = ListModelSection.swift; sourceTree = "<group>"; };
		2AC0A88D25BDE84A002A3C15 /* ToDoListModel.swift */ = {isa = PBXFileReference; lastKnownFileType = sourcecode.swift; path = ToDoListModel.swift; sourceTree = "<group>"; };
		920CDD5825A5D9E400A97DFF /* DataModel.xcdatamodel */ = {isa = PBXFileReference; lastKnownFileType = wrapper.xcdatamodel; path = DataModel.xcdatamodel; sourceTree = "<group>"; };
		92588B2225CAD74C00AA6239 /* AddItemVC.swift */ = {isa = PBXFileReference; lastKnownFileType = sourcecode.swift; path = AddItemVC.swift; sourceTree = "<group>"; };
		9258FF81260E3B8A0075BA51 /* ToDoListUITests.xctest */ = {isa = PBXFileReference; explicitFileType = wrapper.cfbundle; includeInIndex = 0; path = ToDoListUITests.xctest; sourceTree = BUILT_PRODUCTS_DIR; };
		9258FF83260E3B8A0075BA51 /* ToDoListUITests.swift */ = {isa = PBXFileReference; lastKnownFileType = sourcecode.swift; path = ToDoListUITests.swift; sourceTree = "<group>"; };
		9258FF85260E3B8A0075BA51 /* Info.plist */ = {isa = PBXFileReference; lastKnownFileType = text.plist.xml; path = Info.plist; sourceTree = "<group>"; };
		9258FF91260E4DE60075BA51 /* ToDoListTests.xctest */ = {isa = PBXFileReference; explicitFileType = wrapper.cfbundle; includeInIndex = 0; path = ToDoListTests.xctest; sourceTree = BUILT_PRODUCTS_DIR; };
		9258FF93260E4DE60075BA51 /* ToDoListTests.swift */ = {isa = PBXFileReference; lastKnownFileType = sourcecode.swift; path = ToDoListTests.swift; sourceTree = "<group>"; };
		9258FF95260E4DE60075BA51 /* Info.plist */ = {isa = PBXFileReference; lastKnownFileType = text.plist.xml; path = Info.plist; sourceTree = "<group>"; };
		926726D525AF57FB0014A423 /* ToDoListViewController.swift */ = {isa = PBXFileReference; lastKnownFileType = sourcecode.swift; path = ToDoListViewController.swift; sourceTree = "<group>"; };
		926748F125B58B7400AE1624 /* CollectionViewCell.swift */ = {isa = PBXFileReference; lastKnownFileType = sourcecode.swift; path = CollectionViewCell.swift; sourceTree = "<group>"; };
		9274F45325D2CD5E000CF3ED /* CustomHeaderView.swift */ = {isa = PBXFileReference; lastKnownFileType = sourcecode.swift; path = CustomHeaderView.swift; sourceTree = "<group>"; };
		92982C3C25A31A1000C9DDAD /* ToDoList.app */ = {isa = PBXFileReference; explicitFileType = wrapper.application; includeInIndex = 0; path = ToDoList.app; sourceTree = BUILT_PRODUCTS_DIR; };
		92982C3F25A31A1000C9DDAD /* AppDelegate.swift */ = {isa = PBXFileReference; lastKnownFileType = sourcecode.swift; path = AppDelegate.swift; sourceTree = "<group>"; };
		92982C4125A31A1000C9DDAD /* SceneDelegate.swift */ = {isa = PBXFileReference; lastKnownFileType = sourcecode.swift; path = SceneDelegate.swift; sourceTree = "<group>"; };
		92982C4825A31A1200C9DDAD /* Assets.xcassets */ = {isa = PBXFileReference; lastKnownFileType = folder.assetcatalog; path = Assets.xcassets; sourceTree = "<group>"; };
		92982C4B25A31A1200C9DDAD /* Base */ = {isa = PBXFileReference; lastKnownFileType = file.storyboard; name = Base; path = Base.lproj/LaunchScreen.storyboard; sourceTree = "<group>"; };
		92982C4D25A31A1200C9DDAD /* Info.plist */ = {isa = PBXFileReference; lastKnownFileType = text.plist.xml; path = Info.plist; sourceTree = "<group>"; };
		92B4ED7F25AC84A2004BB257 /* ToDoListModelImpl.swift */ = {isa = PBXFileReference; lastKnownFileType = sourcecode.swift; path = ToDoListModelImpl.swift; sourceTree = "<group>"; };
/* End PBXFileReference section */

/* Begin PBXFrameworksBuildPhase section */
		9258FF7E260E3B8A0075BA51 /* Frameworks */ = {
			isa = PBXFrameworksBuildPhase;
			buildActionMask = 2147483647;
			files = (
			);
			runOnlyForDeploymentPostprocessing = 0;
		};
		9258FF8E260E4DE60075BA51 /* Frameworks */ = {
			isa = PBXFrameworksBuildPhase;
			buildActionMask = 2147483647;
			files = (
			);
			runOnlyForDeploymentPostprocessing = 0;
		};
		92982C3925A31A1000C9DDAD /* Frameworks */ = {
			isa = PBXFrameworksBuildPhase;
			buildActionMask = 2147483647;
			files = (
			);
			runOnlyForDeploymentPostprocessing = 0;
		};
/* End PBXFrameworksBuildPhase section */

/* Begin PBXGroup section */
		920CDD5625A5D9CC00A97DFF /* Model */ = {
			isa = PBXGroup;
			children = (
				920CDD5725A5D9E400A97DFF /* DataModel.xcdatamodeld */,
				2A67C0A226091E3C00DF3057 /* WeekDays.swift */,
			);
			path = Model;
			sourceTree = "<group>";
		};
		92588B1D25CAD2E800AA6239 /* Custom New Item View */ = {
			isa = PBXGroup;
			children = (
				92588B2225CAD74C00AA6239 /* AddItemVC.swift */,
			);
			path = "Custom New Item View";
			sourceTree = "<group>";
		};
		9258FF82260E3B8A0075BA51 /* ToDoListUITests */ = {
			isa = PBXGroup;
			children = (
				9258FF83260E3B8A0075BA51 /* ToDoListUITests.swift */,
				9258FF85260E3B8A0075BA51 /* Info.plist */,
			);
			path = ToDoListUITests;
			sourceTree = "<group>";
		};
		9258FF92260E4DE60075BA51 /* ToDoListTests */ = {
			isa = PBXGroup;
			children = (
				9258FF93260E4DE60075BA51 /* ToDoListTests.swift */,
				9258FF95260E4DE60075BA51 /* Info.plist */,
			);
			path = ToDoListTests;
			sourceTree = "<group>";
		};
		926726D825AF580D0014A423 /* Controller */ = {
			isa = PBXGroup;
			children = (
				926726D525AF57FB0014A423 /* ToDoListViewController.swift */,
			);
			path = Controller;
			sourceTree = "<group>";
		};
		926748F625B5932400AE1624 /* Custom List Cell */ = {
			isa = PBXGroup;
			children = (
				926748F125B58B7400AE1624 /* CollectionViewCell.swift */,
			);
			path = "Custom List Cell";
			sourceTree = "<group>";
		};
		9274F44825D2CA4A000CF3ED /* Custom Header Cell */ = {
			isa = PBXGroup;
			children = (
				9274F45325D2CD5E000CF3ED /* CustomHeaderView.swift */,
			);
			path = "Custom Header Cell";
			sourceTree = "<group>";
		};
		92982C3325A31A1000C9DDAD = {
			isa = PBXGroup;
			children = (
				92982C3E25A31A1000C9DDAD /* ToDoList */,
				9258FF82260E3B8A0075BA51 /* ToDoListUITests */,
				9258FF92260E4DE60075BA51 /* ToDoListTests */,
				92982C3D25A31A1000C9DDAD /* Products */,
			);
			sourceTree = "<group>";
		};
		92982C3D25A31A1000C9DDAD /* Products */ = {
			isa = PBXGroup;
			children = (
				92982C3C25A31A1000C9DDAD /* ToDoList.app */,
				9258FF81260E3B8A0075BA51 /* ToDoListUITests.xctest */,
				9258FF91260E4DE60075BA51 /* ToDoListTests.xctest */,
			);
			name = Products;
			sourceTree = "<group>";
		};
		92982C3E25A31A1000C9DDAD /* ToDoList */ = {
			isa = PBXGroup;
			children = (
				92982C3F25A31A1000C9DDAD /* AppDelegate.swift */,
				92982C4125A31A1000C9DDAD /* SceneDelegate.swift */,
				920CDD5625A5D9CC00A97DFF /* Model */,
				92982C5725A32AE700C9DDAD /* ViewModel */,
				926726D825AF580D0014A423 /* Controller */,
				92588B1D25CAD2E800AA6239 /* Custom New Item View */,
				926748F625B5932400AE1624 /* Custom List Cell */,
				9274F44825D2CA4A000CF3ED /* Custom Header Cell */,
				92982C4825A31A1200C9DDAD /* Assets.xcassets */,
				92982C4A25A31A1200C9DDAD /* LaunchScreen.storyboard */,
				92982C4D25A31A1200C9DDAD /* Info.plist */,
			);
			path = ToDoList;
			sourceTree = "<group>";
		};
		92982C5725A32AE700C9DDAD /* ViewModel */ = {
			isa = PBXGroup;
			children = (
				92B4ED7F25AC84A2004BB257 /* ToDoListModelImpl.swift */,
				2AC0A88D25BDE84A002A3C15 /* ToDoListModel.swift */,
				2AC0A88825BDE60B002A3C15 /* ListModelSection.swift */,
			);
			path = ViewModel;
			sourceTree = "<group>";
		};
/* End PBXGroup section */

/* Begin PBXNativeTarget section */
		9258FF80260E3B8A0075BA51 /* ToDoListUITests */ = {
			isa = PBXNativeTarget;
			buildConfigurationList = 9258FF8A260E3B8A0075BA51 /* Build configuration list for PBXNativeTarget "ToDoListUITests" */;
			buildPhases = (
				9258FF7D260E3B8A0075BA51 /* Sources */,
				9258FF7E260E3B8A0075BA51 /* Frameworks */,
				9258FF7F260E3B8A0075BA51 /* Resources */,
			);
			buildRules = (
			);
			dependencies = (
				9258FF87260E3B8A0075BA51 /* PBXTargetDependency */,
			);
			name = ToDoListUITests;
			productName = ToDoListUITests;
			productReference = 9258FF81260E3B8A0075BA51 /* ToDoListUITests.xctest */;
			productType = "com.apple.product-type.bundle.ui-testing";
		};
		9258FF90260E4DE60075BA51 /* ToDoListTests */ = {
			isa = PBXNativeTarget;
			buildConfigurationList = 9258FF98260E4DE60075BA51 /* Build configuration list for PBXNativeTarget "ToDoListTests" */;
			buildPhases = (
				9258FF8D260E4DE60075BA51 /* Sources */,
				9258FF8E260E4DE60075BA51 /* Frameworks */,
				9258FF8F260E4DE60075BA51 /* Resources */,
			);
			buildRules = (
			);
			dependencies = (
				9258FF97260E4DE60075BA51 /* PBXTargetDependency */,
			);
			name = ToDoListTests;
			productName = ToDoListTests;
			productReference = 9258FF91260E4DE60075BA51 /* ToDoListTests.xctest */;
			productType = "com.apple.product-type.bundle.unit-test";
		};
		92982C3B25A31A1000C9DDAD /* ToDoList */ = {
			isa = PBXNativeTarget;
			buildConfigurationList = 92982C5025A31A1200C9DDAD /* Build configuration list for PBXNativeTarget "ToDoList" */;
			buildPhases = (
				92982C3825A31A1000C9DDAD /* Sources */,
				92982C3925A31A1000C9DDAD /* Frameworks */,
				92982C3A25A31A1000C9DDAD /* Resources */,
			);
			buildRules = (
			);
			dependencies = (
			);
			name = ToDoList;
			productName = ToDoList;
			productReference = 92982C3C25A31A1000C9DDAD /* ToDoList.app */;
			productType = "com.apple.product-type.application";
		};
/* End PBXNativeTarget section */

/* Begin PBXProject section */
		92982C3425A31A1000C9DDAD /* Project object */ = {
			isa = PBXProject;
			attributes = {
				LastSwiftUpdateCheck = 1240;
				LastUpgradeCheck = 1210;
				ORGANIZATIONNAME = "Niclas Jeppsson";
				TargetAttributes = {
					9258FF80260E3B8A0075BA51 = {
						CreatedOnToolsVersion = 12.4;
						TestTargetID = 92982C3B25A31A1000C9DDAD;
					};
					9258FF90260E4DE60075BA51 = {
						CreatedOnToolsVersion = 12.4;
						TestTargetID = 92982C3B25A31A1000C9DDAD;
					};
					92982C3B25A31A1000C9DDAD = {
						CreatedOnToolsVersion = 12.1;
					};
				};
			};
			buildConfigurationList = 92982C3725A31A1000C9DDAD /* Build configuration list for PBXProject "ToDoList" */;
			compatibilityVersion = "Xcode 9.3";
			developmentRegion = en;
			hasScannedForEncodings = 0;
			knownRegions = (
				en,
				Base,
			);
			mainGroup = 92982C3325A31A1000C9DDAD;
			productRefGroup = 92982C3D25A31A1000C9DDAD /* Products */;
			projectDirPath = "";
			projectRoot = "";
			targets = (
				92982C3B25A31A1000C9DDAD /* ToDoList */,
				9258FF80260E3B8A0075BA51 /* ToDoListUITests */,
				9258FF90260E4DE60075BA51 /* ToDoListTests */,
			);
		};
/* End PBXProject section */

/* Begin PBXResourcesBuildPhase section */
		9258FF7F260E3B8A0075BA51 /* Resources */ = {
			isa = PBXResourcesBuildPhase;
			buildActionMask = 2147483647;
			files = (
			);
			runOnlyForDeploymentPostprocessing = 0;
		};
		9258FF8F260E4DE60075BA51 /* Resources */ = {
			isa = PBXResourcesBuildPhase;
			buildActionMask = 2147483647;
			files = (
			);
			runOnlyForDeploymentPostprocessing = 0;
		};
		92982C3A25A31A1000C9DDAD /* Resources */ = {
			isa = PBXResourcesBuildPhase;
			buildActionMask = 2147483647;
			files = (
				92982C4C25A31A1200C9DDAD /* LaunchScreen.storyboard in Resources */,
				92982C4925A31A1200C9DDAD /* Assets.xcassets in Resources */,
			);
			runOnlyForDeploymentPostprocessing = 0;
		};
/* End PBXResourcesBuildPhase section */

/* Begin PBXSourcesBuildPhase section */
		9258FF7D260E3B8A0075BA51 /* Sources */ = {
			isa = PBXSourcesBuildPhase;
			buildActionMask = 2147483647;
			files = (
				9258FF84260E3B8A0075BA51 /* ToDoListUITests.swift in Sources */,
			);
			runOnlyForDeploymentPostprocessing = 0;
		};
		9258FF8D260E4DE60075BA51 /* Sources */ = {
			isa = PBXSourcesBuildPhase;
			buildActionMask = 2147483647;
			files = (
				9258FF94260E4DE60075BA51 /* ToDoListTests.swift in Sources */,
			);
			runOnlyForDeploymentPostprocessing = 0;
		};
		92982C3825A31A1000C9DDAD /* Sources */ = {
			isa = PBXSourcesBuildPhase;
			buildActionMask = 2147483647;
			files = (
				9274F45525D2CD5E000CF3ED /* CustomHeaderView.swift in Sources */,
				926726D625AF57FB0014A423 /* ToDoListViewController.swift in Sources */,
				2A67C0A326091E3C00DF3057 /* WeekDays.swift in Sources */,
				2AC0A88E25BDE84A002A3C15 /* ToDoListModel.swift in Sources */,
				92B4ED8025AC84A2004BB257 /* ToDoListModelImpl.swift in Sources */,
				920CDD5925A5D9E400A97DFF /* DataModel.xcdatamodeld in Sources */,
				926748F325B58B7400AE1624 /* CollectionViewCell.swift in Sources */,
				92982C4025A31A1000C9DDAD /* AppDelegate.swift in Sources */,
				92982C4225A31A1000C9DDAD /* SceneDelegate.swift in Sources */,
				92588B2425CAD74C00AA6239 /* AddItemVC.swift in Sources */,
				2AC0A88925BDE60B002A3C15 /* ListModelSection.swift in Sources */,
			);
			runOnlyForDeploymentPostprocessing = 0;
		};
/* End PBXSourcesBuildPhase section */

/* Begin PBXTargetDependency section */
		9258FF87260E3B8A0075BA51 /* PBXTargetDependency */ = {
			isa = PBXTargetDependency;
			target = 92982C3B25A31A1000C9DDAD /* ToDoList */;
			targetProxy = 9258FF86260E3B8A0075BA51 /* PBXContainerItemProxy */;
		};
		9258FF97260E4DE60075BA51 /* PBXTargetDependency */ = {
			isa = PBXTargetDependency;
			target = 92982C3B25A31A1000C9DDAD /* ToDoList */;
			targetProxy = 9258FF96260E4DE60075BA51 /* PBXContainerItemProxy */;
		};
/* End PBXTargetDependency section */

/* Begin PBXVariantGroup section */
		92982C4A25A31A1200C9DDAD /* LaunchScreen.storyboard */ = {
			isa = PBXVariantGroup;
			children = (
				92982C4B25A31A1200C9DDAD /* Base */,
			);
			name = LaunchScreen.storyboard;
			sourceTree = "<group>";
		};
/* End PBXVariantGroup section */

/* Begin XCBuildConfiguration section */
		9258FF88260E3B8A0075BA51 /* Debug */ = {
			isa = XCBuildConfiguration;
			buildSettings = {
				CODE_SIGN_STYLE = Automatic;
				DEVELOPMENT_TEAM = M79UR55F3F;
				INFOPLIST_FILE = ToDoListUITests/Info.plist;
				IPHONEOS_DEPLOYMENT_TARGET = 14.4;
				LD_RUNPATH_SEARCH_PATHS = (
					"$(inherited)",
					"@executable_path/Frameworks",
					"@loader_path/Frameworks",
				);
				PRODUCT_BUNDLE_IDENTIFIER = com.niclasjeppsson.ToDoListUITests;
				PRODUCT_NAME = "$(TARGET_NAME)";
				SWIFT_VERSION = 5.0;
				TARGETED_DEVICE_FAMILY = "1,2";
				TEST_TARGET_NAME = ToDoList;
			};
			name = Debug;
		};
		9258FF89260E3B8A0075BA51 /* Release */ = {
			isa = XCBuildConfiguration;
			buildSettings = {
				CODE_SIGN_STYLE = Automatic;
				DEVELOPMENT_TEAM = M79UR55F3F;
				INFOPLIST_FILE = ToDoListUITests/Info.plist;
				IPHONEOS_DEPLOYMENT_TARGET = 14.4;
				LD_RUNPATH_SEARCH_PATHS = (
					"$(inherited)",
					"@executable_path/Frameworks",
					"@loader_path/Frameworks",
				);
				PRODUCT_BUNDLE_IDENTIFIER = com.niclasjeppsson.ToDoListUITests;
				PRODUCT_NAME = "$(TARGET_NAME)";
				SWIFT_VERSION = 5.0;
				TARGETED_DEVICE_FAMILY = "1,2";
				TEST_TARGET_NAME = ToDoList;
			};
			name = Release;
		};
		9258FF99260E4DE60075BA51 /* Debug */ = {
			isa = XCBuildConfiguration;
			buildSettings = {
				BUNDLE_LOADER = "$(TEST_HOST)";
				CODE_SIGN_STYLE = Automatic;
				DEVELOPMENT_TEAM = M79UR55F3F;
				INFOPLIST_FILE = ToDoListTests/Info.plist;
				IPHONEOS_DEPLOYMENT_TARGET = 14.4;
				LD_RUNPATH_SEARCH_PATHS = (
					"$(inherited)",
					"@executable_path/Frameworks",
					"@loader_path/Frameworks",
				);
				PRODUCT_BUNDLE_IDENTIFIER = com.niclasjeppsson.ToDoListTests;
				PRODUCT_NAME = "$(TARGET_NAME)";
				SWIFT_VERSION = 5.0;
				TARGETED_DEVICE_FAMILY = "1,2";
				TEST_HOST = "$(BUILT_PRODUCTS_DIR)/ToDoList.app/ToDoList";
			};
			name = Debug;
		};
		9258FF9A260E4DE60075BA51 /* Release */ = {
			isa = XCBuildConfiguration;
			buildSettings = {
				BUNDLE_LOADER = "$(TEST_HOST)";
				CODE_SIGN_STYLE = Automatic;
				DEVELOPMENT_TEAM = M79UR55F3F;
				INFOPLIST_FILE = ToDoListTests/Info.plist;
				IPHONEOS_DEPLOYMENT_TARGET = 14.4;
				LD_RUNPATH_SEARCH_PATHS = (
					"$(inherited)",
					"@executable_path/Frameworks",
					"@loader_path/Frameworks",
				);
				PRODUCT_BUNDLE_IDENTIFIER = com.niclasjeppsson.ToDoListTests;
				PRODUCT_NAME = "$(TARGET_NAME)";
				SWIFT_VERSION = 5.0;
				TARGETED_DEVICE_FAMILY = "1,2";
				TEST_HOST = "$(BUILT_PRODUCTS_DIR)/ToDoList.app/ToDoList";
			};
			name = Release;
		};
		92982C4E25A31A1200C9DDAD /* Debug */ = {
			isa = XCBuildConfiguration;
			buildSettings = {
				ALWAYS_SEARCH_USER_PATHS = NO;
				CLANG_ANALYZER_NONNULL = YES;
				CLANG_ANALYZER_NUMBER_OBJECT_CONVERSION = YES_AGGRESSIVE;
				CLANG_CXX_LANGUAGE_STANDARD = "gnu++14";
				CLANG_CXX_LIBRARY = "libc++";
				CLANG_ENABLE_MODULES = YES;
				CLANG_ENABLE_OBJC_ARC = YES;
				CLANG_ENABLE_OBJC_WEAK = YES;
				CLANG_WARN_BLOCK_CAPTURE_AUTORELEASING = YES;
				CLANG_WARN_BOOL_CONVERSION = YES;
				CLANG_WARN_COMMA = YES;
				CLANG_WARN_CONSTANT_CONVERSION = YES;
				CLANG_WARN_DEPRECATED_OBJC_IMPLEMENTATIONS = YES;
				CLANG_WARN_DIRECT_OBJC_ISA_USAGE = YES_ERROR;
				CLANG_WARN_DOCUMENTATION_COMMENTS = YES;
				CLANG_WARN_EMPTY_BODY = YES;
				CLANG_WARN_ENUM_CONVERSION = YES;
				CLANG_WARN_INFINITE_RECURSION = YES;
				CLANG_WARN_INT_CONVERSION = YES;
				CLANG_WARN_NON_LITERAL_NULL_CONVERSION = YES;
				CLANG_WARN_OBJC_IMPLICIT_RETAIN_SELF = YES;
				CLANG_WARN_OBJC_LITERAL_CONVERSION = YES;
				CLANG_WARN_OBJC_ROOT_CLASS = YES_ERROR;
				CLANG_WARN_QUOTED_INCLUDE_IN_FRAMEWORK_HEADER = YES;
				CLANG_WARN_RANGE_LOOP_ANALYSIS = YES;
				CLANG_WARN_STRICT_PROTOTYPES = YES;
				CLANG_WARN_SUSPICIOUS_MOVE = YES;
				CLANG_WARN_UNGUARDED_AVAILABILITY = YES_AGGRESSIVE;
				CLANG_WARN_UNREACHABLE_CODE = YES;
				CLANG_WARN__DUPLICATE_METHOD_MATCH = YES;
				COPY_PHASE_STRIP = NO;
				DEBUG_INFORMATION_FORMAT = dwarf;
				ENABLE_STRICT_OBJC_MSGSEND = YES;
				ENABLE_TESTABILITY = YES;
				GCC_C_LANGUAGE_STANDARD = gnu11;
				GCC_DYNAMIC_NO_PIC = NO;
				GCC_NO_COMMON_BLOCKS = YES;
				GCC_OPTIMIZATION_LEVEL = 0;
				GCC_PREPROCESSOR_DEFINITIONS = (
					"DEBUG=1",
					"$(inherited)",
				);
				GCC_WARN_64_TO_32_BIT_CONVERSION = YES;
				GCC_WARN_ABOUT_RETURN_TYPE = YES_ERROR;
				GCC_WARN_UNDECLARED_SELECTOR = YES;
				GCC_WARN_UNINITIALIZED_AUTOS = YES_AGGRESSIVE;
				GCC_WARN_UNUSED_FUNCTION = YES;
				GCC_WARN_UNUSED_VARIABLE = YES;
				IPHONEOS_DEPLOYMENT_TARGET = 14.0;
				MTL_ENABLE_DEBUG_INFO = INCLUDE_SOURCE;
				MTL_FAST_MATH = YES;
				ONLY_ACTIVE_ARCH = YES;
				SDKROOT = iphoneos;
				SWIFT_ACTIVE_COMPILATION_CONDITIONS = DEBUG;
				SWIFT_OPTIMIZATION_LEVEL = "-Onone";
			};
			name = Debug;
		};
		92982C4F25A31A1200C9DDAD /* Release */ = {
			isa = XCBuildConfiguration;
			buildSettings = {
				ALWAYS_SEARCH_USER_PATHS = NO;
				CLANG_ANALYZER_NONNULL = YES;
				CLANG_ANALYZER_NUMBER_OBJECT_CONVERSION = YES_AGGRESSIVE;
				CLANG_CXX_LANGUAGE_STANDARD = "gnu++14";
				CLANG_CXX_LIBRARY = "libc++";
				CLANG_ENABLE_MODULES = YES;
				CLANG_ENABLE_OBJC_ARC = YES;
				CLANG_ENABLE_OBJC_WEAK = YES;
				CLANG_WARN_BLOCK_CAPTURE_AUTORELEASING = YES;
				CLANG_WARN_BOOL_CONVERSION = YES;
				CLANG_WARN_COMMA = YES;
				CLANG_WARN_CONSTANT_CONVERSION = YES;
				CLANG_WARN_DEPRECATED_OBJC_IMPLEMENTATIONS = YES;
				CLANG_WARN_DIRECT_OBJC_ISA_USAGE = YES_ERROR;
				CLANG_WARN_DOCUMENTATION_COMMENTS = YES;
				CLANG_WARN_EMPTY_BODY = YES;
				CLANG_WARN_ENUM_CONVERSION = YES;
				CLANG_WARN_INFINITE_RECURSION = YES;
				CLANG_WARN_INT_CONVERSION = YES;
				CLANG_WARN_NON_LITERAL_NULL_CONVERSION = YES;
				CLANG_WARN_OBJC_IMPLICIT_RETAIN_SELF = YES;
				CLANG_WARN_OBJC_LITERAL_CONVERSION = YES;
				CLANG_WARN_OBJC_ROOT_CLASS = YES_ERROR;
				CLANG_WARN_QUOTED_INCLUDE_IN_FRAMEWORK_HEADER = YES;
				CLANG_WARN_RANGE_LOOP_ANALYSIS = YES;
				CLANG_WARN_STRICT_PROTOTYPES = YES;
				CLANG_WARN_SUSPICIOUS_MOVE = YES;
				CLANG_WARN_UNGUARDED_AVAILABILITY = YES_AGGRESSIVE;
				CLANG_WARN_UNREACHABLE_CODE = YES;
				CLANG_WARN__DUPLICATE_METHOD_MATCH = YES;
				COPY_PHASE_STRIP = NO;
				DEBUG_INFORMATION_FORMAT = "dwarf-with-dsym";
				ENABLE_NS_ASSERTIONS = NO;
				ENABLE_STRICT_OBJC_MSGSEND = YES;
				GCC_C_LANGUAGE_STANDARD = gnu11;
				GCC_NO_COMMON_BLOCKS = YES;
				GCC_WARN_64_TO_32_BIT_CONVERSION = YES;
				GCC_WARN_ABOUT_RETURN_TYPE = YES_ERROR;
				GCC_WARN_UNDECLARED_SELECTOR = YES;
				GCC_WARN_UNINITIALIZED_AUTOS = YES_AGGRESSIVE;
				GCC_WARN_UNUSED_FUNCTION = YES;
				GCC_WARN_UNUSED_VARIABLE = YES;
				IPHONEOS_DEPLOYMENT_TARGET = 14.0;
				MTL_ENABLE_DEBUG_INFO = NO;
				MTL_FAST_MATH = YES;
				SDKROOT = iphoneos;
				SWIFT_COMPILATION_MODE = wholemodule;
				SWIFT_OPTIMIZATION_LEVEL = "-O";
				VALIDATE_PRODUCT = YES;
			};
			name = Release;
		};
		92982C5125A31A1200C9DDAD /* Debug */ = {
			isa = XCBuildConfiguration;
			buildSettings = {
				ASSETCATALOG_COMPILER_APPICON_NAME = AppIcon;
				ASSETCATALOG_COMPILER_GLOBAL_ACCENT_COLOR_NAME = AccentColor;
				CODE_SIGN_IDENTITY = "Apple Development";
				CODE_SIGN_STYLE = Automatic;
				DEVELOPMENT_TEAM = M79UR55F3F;
				INFOPLIST_FILE = ToDoList/Info.plist;
				LD_RUNPATH_SEARCH_PATHS = (
					"$(inherited)",
					"@executable_path/Frameworks",
				);
				PRODUCT_BUNDLE_IDENTIFIER = "com.niclasjeppsson.to-do-list";
				PRODUCT_NAME = "$(TARGET_NAME)";
				PROVISIONING_PROFILE_SPECIFIER = "";
				SWIFT_VERSION = 5.0;
				TARGETED_DEVICE_FAMILY = 1;
			};
			name = Debug;
		};
		92982C5225A31A1200C9DDAD /* Release */ = {
			isa = XCBuildConfiguration;
			buildSettings = {
				ASSETCATALOG_COMPILER_APPICON_NAME = AppIcon;
				ASSETCATALOG_COMPILER_GLOBAL_ACCENT_COLOR_NAME = AccentColor;
				CODE_SIGN_IDENTITY = "Apple Development";
				CODE_SIGN_STYLE = Automatic;
				DEVELOPMENT_TEAM = M79UR55F3F;
				INFOPLIST_FILE = ToDoList/Info.plist;
				LD_RUNPATH_SEARCH_PATHS = (
					"$(inherited)",
					"@executable_path/Frameworks",
				);
				PRODUCT_BUNDLE_IDENTIFIER = "com.niclasjeppsson.to-do-list";
				PRODUCT_NAME = "$(TARGET_NAME)";
				PROVISIONING_PROFILE_SPECIFIER = "";
				SWIFT_VERSION = 5.0;
				TARGETED_DEVICE_FAMILY = 1;
			};
			name = Release;
		};
/* End XCBuildConfiguration section */

/* Begin XCConfigurationList section */
		9258FF8A260E3B8A0075BA51 /* Build configuration list for PBXNativeTarget "ToDoListUITests" */ = {
			isa = XCConfigurationList;
			buildConfigurations = (
				9258FF88260E3B8A0075BA51 /* Debug */,
				9258FF89260E3B8A0075BA51 /* Release */,
			);
			defaultConfigurationIsVisible = 0;
			defaultConfigurationName = Release;
		};
		9258FF98260E4DE60075BA51 /* Build configuration list for PBXNativeTarget "ToDoListTests" */ = {
			isa = XCConfigurationList;
			buildConfigurations = (
				9258FF99260E4DE60075BA51 /* Debug */,
				9258FF9A260E4DE60075BA51 /* Release */,
			);
			defaultConfigurationIsVisible = 0;
			defaultConfigurationName = Release;
		};
		92982C3725A31A1000C9DDAD /* Build configuration list for PBXProject "ToDoList" */ = {
			isa = XCConfigurationList;
			buildConfigurations = (
				92982C4E25A31A1200C9DDAD /* Debug */,
				92982C4F25A31A1200C9DDAD /* Release */,
			);
			defaultConfigurationIsVisible = 0;
			defaultConfigurationName = Release;
		};
		92982C5025A31A1200C9DDAD /* Build configuration list for PBXNativeTarget "ToDoList" */ = {
			isa = XCConfigurationList;
			buildConfigurations = (
				92982C5125A31A1200C9DDAD /* Debug */,
				92982C5225A31A1200C9DDAD /* Release */,
			);
			defaultConfigurationIsVisible = 0;
			defaultConfigurationName = Release;
		};
/* End XCConfigurationList section */

/* Begin XCVersionGroup section */
		920CDD5725A5D9E400A97DFF /* DataModel.xcdatamodeld */ = {
			isa = XCVersionGroup;
			children = (
				920CDD5825A5D9E400A97DFF /* DataModel.xcdatamodel */,
			);
			currentVersion = 920CDD5825A5D9E400A97DFF /* DataModel.xcdatamodel */;
			path = DataModel.xcdatamodeld;
			sourceTree = "<group>";
			versionGroupType = wrapper.xcdatamodel;
		};
/* End XCVersionGroup section */
	};
	rootObject = 92982C3425A31A1000C9DDAD /* Project object */;
}
